{
  "requires": true,
  "lockfileVersion": 1,
  "dependencies": {
    "@tldraw/core": {
      "version": "1.1.5",
      "resolved": "https://registry.npmjs.org/@tldraw/core/-/core-1.1.5.tgz",
      "integrity": "sha512-sPo/LYKiSHPiVe6D2elsCmkPhwZj+8IRVBI2ikzXK03r/LS7e6Yn0P6hxLuntpZDf+8qqVDcq/+NOBCZUaiH+A==",
      "requires": {
        "@tldraw/intersect": "^1.1.5",
        "@tldraw/vec": "^1.1.5",
        "@use-gesture/react": "^10.1.3"
      }
    },
    "@tldraw/intersect": {
      "version": "1.1.5",
      "resolved": "https://registry.npmjs.org/@tldraw/intersect/-/intersect-1.1.5.tgz",
      "integrity": "sha512-EfSGe2OE/lr6Vbi6N2022QUAWNlWk1LfeiiQMeVPiodrzDuy+9XkcwWW/Ida6knv5uJfzcFdpVmGG/mXy1q1sA==",
      "requires": {
        "@tldraw/vec": "^1.1.5"
      }
    },
    "@tldraw/vec": {
      "version": "1.1.5",
      "resolved": "https://registry.npmjs.org/@tldraw/vec/-/vec-1.1.5.tgz",
      "integrity": "sha512-reEos3gJ9OiNvAYFtJzHbYWNjPTvWPmpjAY70HWHMjfhyNk6lHwwzDjwSgej4/KxVBbxB3ppNfLD9mEMq9yCOQ=="
    },
    "@use-gesture/core": {
      "version": "10.1.6",
      "resolved": "https://registry.npmjs.org/@use-gesture/core/-/core-10.1.6.tgz",
      "integrity": "sha512-19F0aaydRrCi6awVDSz/knY8dQFtYx5UeuRG+g2K880EJpOiKq2R70XBJSF8w2OAZBPmEugBF0RK9s+bw9tfDw=="
    },
    "@use-gesture/react": {
      "version": "10.1.6",
      "resolved": "https://registry.npmjs.org/@use-gesture/react/-/react-10.1.6.tgz",
      "integrity": "sha512-ZjUBxbsEVC+QmWvOLEieeCJW+mhfzMdQ0l7isDQyseW4CnhDzWfTPlihG0WHCQqZp0PwHWuPV/TMwrWij1e7aA==",
      "requires": {
        "@use-gesture/core": "10.1.6"
      }
    }
  }
}
